
Microsoft Visual Studio Solution File, Format Version 12.00
# Visual Studio Version 16
VisualStudioVersion = 16.0.29806.167
MinimumVisualStudioVersion = 10.0.40219.1
Project("{8BC9CEB8-8B4A-11D0-8D11-00A0C91BC942}") = "01-HelloCPP", "C++Study\C++Study.vcxproj", "{E70F127E-FDA5-4B40-B521-0F7F552CCCD2}"
EndProject
Project("{8BC9CEB8-8B4A-11D0-8D11-00A0C91BC942}") = "02-UserInput", "02-UserInput\02-UserInput.vcxproj", "{27E26B42-E656-499E-9743-EA52765B77D1}"
EndProject
Project("{8BC9CEB8-8B4A-11D0-8D11-00A0C91BC942}") = "03-Variate", "03-Variate\03-Variate.vcxproj", "{13725D23-ED17-41C6-8CA3-029CF64183CC}"
EndProject
Project("{8BC9CEB8-8B4A-11D0-8D11-00A0C91BC942}") = "04-Integer", "04-Integer\04-Integer.vcxproj", "{F2F70136-19D6-4F60-934E-94DA973EDB9A}"
EndProject
Project("{8BC9CEB8-8B4A-11D0-8D11-00A0C91BC942}") = "05-CharacterTypes", "05-CharacterTypes\05-CharacterTypes.vcxproj", "{F3E62F9F-D308-49D1-9193-84C0440B91CA}"
EndProject
Project("{8BC9CEB8-8B4A-11D0-8D11-00A0C91BC942}") = "06-BoolTypes", "06-BoolTypes\06-BoolTypes.vcxproj", "{55D9F9DE-4279-4415-B649-27B0ABF64C6B}"
EndProject
Project("{8BC9CEB8-8B4A-11D0-8D11-00A0C91BC942}") = "07-Constant", "07-Constant\07-Constant.vcxproj", "{94DBCE65-7AA1-4EB7-A141-3B52A919555F}"
EndProject
Project("{8BC9CEB8-8B4A-11D0-8D11-00A0C91BC942}") = "08-Floating_Point", "08-Floating_Point\08-Floating_Point.vcxproj", "{A9B63842-DE7B-4F36-A5C1-5009271458DE}"
EndProject
Project("{8BC9CEB8-8B4A-11D0-8D11-00A0C91BC942}") = "09-ArithmeticOperator", "09-ArithmeticOperator\09-ArithmeticOperator.vcxproj", "{84FAC1C8-E76E-465B-AFB7-5657615C9643}"
EndProject
Global
	GlobalSection(SolutionConfigurationPlatforms) = preSolution
		Debug|x64 = Debug|x64
		Debug|x86 = Debug|x86
		Release|x64 = Release|x64
		Release|x86 = Release|x86
	EndGlobalSection
	GlobalSection(ProjectConfigurationPlatforms) = postSolution
		{E70F127E-FDA5-4B40-B521-0F7F552CCCD2}.Debug|x64.ActiveCfg = Debug|x64
		{E70F127E-FDA5-4B40-B521-0F7F552CCCD2}.Debug|x64.Build.0 = Debug|x64
		{E70F127E-FDA5-4B40-B521-0F7F552CCCD2}.Debug|x86.ActiveCfg = Debug|Win32
		{E70F127E-FDA5-4B40-B521-0F7F552CCCD2}.Debug|x86.Build.0 = Debug|Win32
		{E70F127E-FDA5-4B40-B521-0F7F552CCCD2}.Release|x64.ActiveCfg = Release|x64
		{E70F127E-FDA5-4B40-B521-0F7F552CCCD2}.Release|x64.Build.0 = Release|x64
		{E70F127E-FDA5-4B40-B521-0F7F552CCCD2}.Release|x86.ActiveCfg = Release|Win32
		{E70F127E-FDA5-4B40-B521-0F7F552CCCD2}.Release|x86.Build.0 = Release|Win32
		{27E26B42-E656-499E-9743-EA52765B77D1}.Debug|x64.ActiveCfg = Debug|x64
		{27E26B42-E656-499E-9743-EA52765B77D1}.Debug|x64.Build.0 = Debug|x64
		{27E26B42-E656-499E-9743-EA52765B77D1}.Debug|x86.ActiveCfg = Debug|Win32
		{27E26B42-E656-499E-9743-EA52765B77D1}.Debug|x86.Build.0 = Debug|Win32
		{27E26B42-E656-499E-9743-EA52765B77D1}.Release|x64.ActiveCfg = Release|x64
		{27E26B42-E656-499E-9743-EA52765B77D1}.Release|x64.Build.0 = Release|x64
		{27E26B42-E656-499E-9743-EA52765B77D1}.Release|x86.ActiveCfg = Release|Win32
		{27E26B42-E656-499E-9743-EA52765B77D1}.Release|x86.Build.0 = Release|Win32
		{13725D23-ED17-41C6-8CA3-029CF64183CC}.Debug|x64.ActiveCfg = Debug|x64
		{13725D23-ED17-41C6-8CA3-029CF64183CC}.Debug|x64.Build.0 = Debug|x64
		{13725D23-ED17-41C6-8CA3-029CF64183CC}.Debug|x86.ActiveCfg = Debug|Win32
		{13725D23-ED17-41C6-8CA3-029CF64183CC}.Debug|x86.Build.0 = Debug|Win32
		{13725D23-ED17-41C6-8CA3-029CF64183CC}.Release|x64.ActiveCfg = Release|x64
		{13725D23-ED17-41C6-8CA3-029CF64183CC}.Release|x64.Build.0 = Release|x64
		{13725D23-ED17-41C6-8CA3-029CF64183CC}.Release|x86.ActiveCfg = Release|Win32
		{13725D23-ED17-41C6-8CA3-029CF64183CC}.Release|x86.Build.0 = Release|Win32
		{F2F70136-19D6-4F60-934E-94DA973EDB9A}.Debug|x64.ActiveCfg = Debug|x64
		{F2F70136-19D6-4F60-934E-94DA973EDB9A}.Debug|x64.Build.0 = Debug|x64
		{F2F70136-19D6-4F60-934E-94DA973EDB9A}.Debug|x86.ActiveCfg = Debug|Win32
		{F2F70136-19D6-4F60-934E-94DA973EDB9A}.Debug|x86.Build.0 = Debug|Win32
		{F2F70136-19D6-4F60-934E-94DA973EDB9A}.Release|x64.ActiveCfg = Release|x64
		{F2F70136-19D6-4F60-934E-94DA973EDB9A}.Release|x64.Build.0 = Release|x64
		{F2F70136-19D6-4F60-934E-94DA973EDB9A}.Release|x86.ActiveCfg = Release|Win32
		{F2F70136-19D6-4F60-934E-94DA973EDB9A}.Release|x86.Build.0 = Release|Win32
		{F3E62F9F-D308-49D1-9193-84C0440B91CA}.Debug|x64.ActiveCfg = Debug|x64
		{F3E62F9F-D308-49D1-9193-84C0440B91CA}.Debug|x64.Build.0 = Debug|x64
		{F3E62F9F-D308-49D1-9193-84C0440B91CA}.Debug|x86.ActiveCfg = Debug|Win32
		{F3E62F9F-D308-49D1-9193-84C0440B91CA}.Debug|x86.Build.0 = Debug|Win32
		{F3E62F9F-D308-49D1-9193-84C0440B91CA}.Release|x64.ActiveCfg = Release|x64
		{F3E62F9F-D308-49D1-9193-84C0440B91CA}.Release|x64.Build.0 = Release|x64
		{F3E62F9F-D308-49D1-9193-84C0440B91CA}.Release|x86.ActiveCfg = Release|Win32
		{F3E62F9F-D308-49D1-9193-84C0440B91CA}.Release|x86.Build.0 = Release|Win32
		{55D9F9DE-4279-4415-B649-27B0ABF64C6B}.Debug|x64.ActiveCfg = Debug|x64
		{55D9F9DE-4279-4415-B649-27B0ABF64C6B}.Debug|x64.Build.0 = Debug|x64
		{55D9F9DE-4279-4415-B649-27B0ABF64C6B}.Debug|x86.ActiveCfg = Debug|Win32
		{55D9F9DE-4279-4415-B649-27B0ABF64C6B}.Debug|x86.Build.0 = Debug|Win32
		{55D9F9DE-4279-4415-B649-27B0ABF64C6B}.Release|x64.ActiveCfg = Release|x64
		{55D9F9DE-4279-4415-B649-27B0ABF64C6B}.Release|x64.Build.0 = Release|x64
		{55D9F9DE-4279-4415-B649-27B0ABF64C6B}.Release|x86.ActiveCfg = Release|Win32
		{55D9F9DE-4279-4415-B649-27B0ABF64C6B}.Release|x86.Build.0 = Release|Win32
		{94DBCE65-7AA1-4EB7-A141-3B52A919555F}.Debug|x64.ActiveCfg = Debug|x64
		{94DBCE65-7AA1-4EB7-A141-3B52A919555F}.Debug|x64.Build.0 = Debug|x64
		{94DBCE65-7AA1-4EB7-A141-3B52A919555F}.Debug|x86.ActiveCfg = Debug|Win32
		{94DBCE65-7AA1-4EB7-A141-3B52A919555F}.Debug|x86.Build.0 = Debug|Win32
		{94DBCE65-7AA1-4EB7-A141-3B52A919555F}.Release|x64.ActiveCfg = Release|x64
		{94DBCE65-7AA1-4EB7-A141-3B52A919555F}.Release|x64.Build.0 = Release|x64
		{94DBCE65-7AA1-4EB7-A141-3B52A919555F}.Release|x86.ActiveCfg = Release|Win32
		{94DBCE65-7AA1-4EB7-A141-3B52A919555F}.Release|x86.Build.0 = Release|Win32
		{A9B63842-DE7B-4F36-A5C1-5009271458DE}.Debug|x64.ActiveCfg = Debug|x64
		{A9B63842-DE7B-4F36-A5C1-5009271458DE}.Debug|x64.Build.0 = Debug|x64
		{A9B63842-DE7B-4F36-A5C1-5009271458DE}.Debug|x86.ActiveCfg = Debug|Win32
		{A9B63842-DE7B-4F36-A5C1-5009271458DE}.Debug|x86.Build.0 = Debug|Win32
		{A9B63842-DE7B-4F36-A5C1-5009271458DE}.Release|x64.ActiveCfg = Release|x64
		{A9B63842-DE7B-4F36-A5C1-5009271458DE}.Release|x64.Build.0 = Release|x64
		{A9B63842-DE7B-4F36-A5C1-5009271458DE}.Release|x86.ActiveCfg = Release|Win32
		{A9B63842-DE7B-4F36-A5C1-5009271458DE}.Release|x86.Build.0 = Release|Win32
		{84FAC1C8-E76E-465B-AFB7-5657615C9643}.Debug|x64.ActiveCfg = Debug|x64
		{84FAC1C8-E76E-465B-AFB7-5657615C9643}.Debug|x64.Build.0 = Debug|x64
		{84FAC1C8-E76E-465B-AFB7-5657615C9643}.Debug|x86.ActiveCfg = Debug|Win32
		{84FAC1C8-E76E-465B-AFB7-5657615C9643}.Debug|x86.Build.0 = Debug|Win32
		{84FAC1C8-E76E-465B-AFB7-5657615C9643}.Release|x64.ActiveCfg = Release|x64
		{84FAC1C8-E76E-465B-AFB7-5657615C9643}.Release|x64.Build.0 = Release|x64
		{84FAC1C8-E76E-465B-AFB7-5657615C9643}.Release|x86.ActiveCfg = Release|Win32
		{84FAC1C8-E76E-465B-AFB7-5657615C9643}.Release|x86.Build.0 = Release|Win32
	EndGlobalSection
	GlobalSection(SolutionProperties) = preSolution
		HideSolutionNode = FALSE
	EndGlobalSection
	GlobalSection(ExtensibilityGlobals) = postSolution
		SolutionGuid = {9E5FF0D8-B347-4503-9BF5-250CEFC7FBBC}
	EndGlobalSection
EndGlobal
