
Microsoft Visual Studio Solution File, Format Version 12.00
# Visual Studio Version 16
VisualStudioVersion = 16.0.29806.167
MinimumVisualStudioVersion = 10.0.40219.1
Project("{8BC9CEB8-8B4A-11D0-8D11-00A0C91BC942}") = "02-UserInput", "02-UserInput\02-UserInput.vcxproj", "{27E26B42-E656-499E-9743-EA52765B77D1}"
EndProject
Project("{8BC9CEB8-8B4A-11D0-8D11-00A0C91BC942}") = "03-Variate", "03-Variate\03-Variate.vcxproj", "{13725D23-ED17-41C6-8CA3-029CF64183CC}"
EndProject
Project("{8BC9CEB8-8B4A-11D0-8D11-00A0C91BC942}") = "04-Integer", "04-Integer\04-Integer.vcxproj", "{F2F70136-19D6-4F60-934E-94DA973EDB9A}"
EndProject
Project("{8BC9CEB8-8B4A-11D0-8D11-00A0C91BC942}") = "05-CharacterTypes", "05-CharacterTypes\05-CharacterTypes.vcxproj", "{F3E62F9F-D308-49D1-9193-84C0440B91CA}"
EndProject
Project("{8BC9CEB8-8B4A-11D0-8D11-00A0C91BC942}") = "06-BoolTypes", "06-BoolTypes\06-BoolTypes.vcxproj", "{55D9F9DE-4279-4415-B649-27B0ABF64C6B}"
EndProject
Project("{8BC9CEB8-8B4A-11D0-8D11-00A0C91BC942}") = "07-Constant", "07-Constant\07-Constant.vcxproj", "{94DBCE65-7AA1-4EB7-A141-3B52A919555F}"
EndProject
Project("{8BC9CEB8-8B4A-11D0-8D11-00A0C91BC942}") = "08-Floating_Point", "08-Floating_Point\08-Floating_Point.vcxproj", "{A9B63842-DE7B-4F36-A5C1-5009271458DE}"
EndProject
Project("{8BC9CEB8-8B4A-11D0-8D11-00A0C91BC942}") = "09-ArithmeticOperator", "09-ArithmeticOperator\09-ArithmeticOperator.vcxproj", "{84FAC1C8-E76E-465B-AFB7-5657615C9643}"
EndProject
Project("{8BC9CEB8-8B4A-11D0-8D11-00A0C91BC942}") = "10-TypesConversion", "10-TypesConversion\10-TypesConversion.vcxproj", "{0448D971-0B4E-4226-90F1-3AC8D4D7C9F1}"
EndProject
Project("{8BC9CEB8-8B4A-11D0-8D11-00A0C91BC942}") = "11-Array", "11-Array\11-Array.vcxproj", "{07C9CC43-8234-409A-8DE4-2169288FE72F}"
EndProject
Project("{8BC9CEB8-8B4A-11D0-8D11-00A0C91BC942}") = "12-String", "12-String\12-String.vcxproj", "{832102A0-ADD7-42B0-8C7D-4FB8EF9F87CC}"
EndProject
Project("{8BC9CEB8-8B4A-11D0-8D11-00A0C91BC942}") = "13-Struct", "13-Struct\13-Struct.vcxproj", "{09BC62C4-F22D-461E-A63F-775DE8996165}"
EndProject
Project("{8BC9CEB8-8B4A-11D0-8D11-00A0C91BC942}") = "14-Enum", "14-Enum\14-Enum.vcxproj", "{4E95186A-F429-4E29-8874-A114078434A5}"
EndProject
Project("{8BC9CEB8-8B4A-11D0-8D11-00A0C91BC942}") = "15-Pointer", "15-Pointer\15-Pointer.vcxproj", "{0749BC80-95FC-4519-A84F-254F4E1CFC51}"
EndProject
Project("{8BC9CEB8-8B4A-11D0-8D11-00A0C91BC942}") = "16-PointerAndArray", "16-PointerAndArray\16-PointerAndArray.vcxproj", "{594938A0-DDFD-40EA-AD7C-668FECEEB047}"
EndProject
Project("{8BC9CEB8-8B4A-11D0-8D11-00A0C91BC942}") = "17-SectionPracticeTwo", "17-SectionPracticeTwo\17-SectionPracticeTwo.vcxproj", "{DE2F622B-4A9F-469A-BA19-9236B61B9035}"
EndProject
Project("{8BC9CEB8-8B4A-11D0-8D11-00A0C91BC942}") = "18-ForCirculation", "18-ForCirculation\18-ForCirculation.vcxproj", "{C6C3C658-0046-4C8A-9D86-6060FE7EAADE}"
EndProject
Project("{8BC9CEB8-8B4A-11D0-8D11-00A0C91BC942}") = "19-CombinationOperator", "19-CombinationOperator\19-CombinationOperator.vcxproj", "{A716C216-B758-4212-8049-2D2D42C22AB2}"
EndProject
Project("{8BC9CEB8-8B4A-11D0-8D11-00A0C91BC942}") = "20-WhileCirculation", "20-WhileCirculation\20-WhileCirculation.vcxproj", "{086DC71C-6A6D-4557-AE3E-A71A9901F817}"
EndProject
Project("{8BC9CEB8-8B4A-11D0-8D11-00A0C91BC942}") = "21-TypeAlias", "21-TypeAlias\21-TypeAlias.vcxproj", "{AA1D90D7-EF75-43C2-8F60-261E801833B7}"
EndProject
Project("{8BC9CEB8-8B4A-11D0-8D11-00A0C91BC942}") = "22-DoWhile", "22-DoWhile\22-DoWhile.vcxproj", "{88BB6C92-2FC5-4345-8FC5-DABEA89F1D2E}"
EndProject
Project("{8BC9CEB8-8B4A-11D0-8D11-00A0C91BC942}") = "23-Two-DimensionalArray", "23-Two-DimensionalArray\23-Two-DimensionalArray.vcxproj", "{AE2E426A-7EBE-411C-B954-CA2CEF199074}"
EndProject
Project("{8BC9CEB8-8B4A-11D0-8D11-00A0C91BC942}") = "24-SectionPracticeThree", "24-SectionPracticeThree\24-SectionPracticeThree.vcxproj", "{86780DB6-E0F9-4AC8-BC15-3EE828F8EF6B}"
EndProject
Global
	GlobalSection(SolutionConfigurationPlatforms) = preSolution
		Debug|x64 = Debug|x64
		Debug|x86 = Debug|x86
		Release|x64 = Release|x64
		Release|x86 = Release|x86
	EndGlobalSection
	GlobalSection(ProjectConfigurationPlatforms) = postSolution
		{27E26B42-E656-499E-9743-EA52765B77D1}.Debug|x64.ActiveCfg = Debug|x64
		{27E26B42-E656-499E-9743-EA52765B77D1}.Debug|x64.Build.0 = Debug|x64
		{27E26B42-E656-499E-9743-EA52765B77D1}.Debug|x86.ActiveCfg = Debug|Win32
		{27E26B42-E656-499E-9743-EA52765B77D1}.Debug|x86.Build.0 = Debug|Win32
		{27E26B42-E656-499E-9743-EA52765B77D1}.Release|x64.ActiveCfg = Release|x64
		{27E26B42-E656-499E-9743-EA52765B77D1}.Release|x64.Build.0 = Release|x64
		{27E26B42-E656-499E-9743-EA52765B77D1}.Release|x86.ActiveCfg = Release|Win32
		{27E26B42-E656-499E-9743-EA52765B77D1}.Release|x86.Build.0 = Release|Win32
		{13725D23-ED17-41C6-8CA3-029CF64183CC}.Debug|x64.ActiveCfg = Debug|x64
		{13725D23-ED17-41C6-8CA3-029CF64183CC}.Debug|x64.Build.0 = Debug|x64
		{13725D23-ED17-41C6-8CA3-029CF64183CC}.Debug|x86.ActiveCfg = Debug|Win32
		{13725D23-ED17-41C6-8CA3-029CF64183CC}.Debug|x86.Build.0 = Debug|Win32
		{13725D23-ED17-41C6-8CA3-029CF64183CC}.Release|x64.ActiveCfg = Release|x64
		{13725D23-ED17-41C6-8CA3-029CF64183CC}.Release|x64.Build.0 = Release|x64
		{13725D23-ED17-41C6-8CA3-029CF64183CC}.Release|x86.ActiveCfg = Release|Win32
		{13725D23-ED17-41C6-8CA3-029CF64183CC}.Release|x86.Build.0 = Release|Win32
		{F2F70136-19D6-4F60-934E-94DA973EDB9A}.Debug|x64.ActiveCfg = Debug|x64
		{F2F70136-19D6-4F60-934E-94DA973EDB9A}.Debug|x64.Build.0 = Debug|x64
		{F2F70136-19D6-4F60-934E-94DA973EDB9A}.Debug|x86.ActiveCfg = Debug|Win32
		{F2F70136-19D6-4F60-934E-94DA973EDB9A}.Debug|x86.Build.0 = Debug|Win32
		{F2F70136-19D6-4F60-934E-94DA973EDB9A}.Release|x64.ActiveCfg = Release|x64
		{F2F70136-19D6-4F60-934E-94DA973EDB9A}.Release|x64.Build.0 = Release|x64
		{F2F70136-19D6-4F60-934E-94DA973EDB9A}.Release|x86.ActiveCfg = Release|Win32
		{F2F70136-19D6-4F60-934E-94DA973EDB9A}.Release|x86.Build.0 = Release|Win32
		{F3E62F9F-D308-49D1-9193-84C0440B91CA}.Debug|x64.ActiveCfg = Debug|x64
		{F3E62F9F-D308-49D1-9193-84C0440B91CA}.Debug|x64.Build.0 = Debug|x64
		{F3E62F9F-D308-49D1-9193-84C0440B91CA}.Debug|x86.ActiveCfg = Debug|Win32
		{F3E62F9F-D308-49D1-9193-84C0440B91CA}.Debug|x86.Build.0 = Debug|Win32
		{F3E62F9F-D308-49D1-9193-84C0440B91CA}.Release|x64.ActiveCfg = Release|x64
		{F3E62F9F-D308-49D1-9193-84C0440B91CA}.Release|x64.Build.0 = Release|x64
		{F3E62F9F-D308-49D1-9193-84C0440B91CA}.Release|x86.ActiveCfg = Release|Win32
		{F3E62F9F-D308-49D1-9193-84C0440B91CA}.Release|x86.Build.0 = Release|Win32
		{55D9F9DE-4279-4415-B649-27B0ABF64C6B}.Debug|x64.ActiveCfg = Debug|x64
		{55D9F9DE-4279-4415-B649-27B0ABF64C6B}.Debug|x64.Build.0 = Debug|x64
		{55D9F9DE-4279-4415-B649-27B0ABF64C6B}.Debug|x86.ActiveCfg = Debug|Win32
		{55D9F9DE-4279-4415-B649-27B0ABF64C6B}.Debug|x86.Build.0 = Debug|Win32
		{55D9F9DE-4279-4415-B649-27B0ABF64C6B}.Release|x64.ActiveCfg = Release|x64
		{55D9F9DE-4279-4415-B649-27B0ABF64C6B}.Release|x64.Build.0 = Release|x64
		{55D9F9DE-4279-4415-B649-27B0ABF64C6B}.Release|x86.ActiveCfg = Release|Win32
		{55D9F9DE-4279-4415-B649-27B0ABF64C6B}.Release|x86.Build.0 = Release|Win32
		{94DBCE65-7AA1-4EB7-A141-3B52A919555F}.Debug|x64.ActiveCfg = Debug|x64
		{94DBCE65-7AA1-4EB7-A141-3B52A919555F}.Debug|x64.Build.0 = Debug|x64
		{94DBCE65-7AA1-4EB7-A141-3B52A919555F}.Debug|x86.ActiveCfg = Debug|Win32
		{94DBCE65-7AA1-4EB7-A141-3B52A919555F}.Debug|x86.Build.0 = Debug|Win32
		{94DBCE65-7AA1-4EB7-A141-3B52A919555F}.Release|x64.ActiveCfg = Release|x64
		{94DBCE65-7AA1-4EB7-A141-3B52A919555F}.Release|x64.Build.0 = Release|x64
		{94DBCE65-7AA1-4EB7-A141-3B52A919555F}.Release|x86.ActiveCfg = Release|Win32
		{94DBCE65-7AA1-4EB7-A141-3B52A919555F}.Release|x86.Build.0 = Release|Win32
		{A9B63842-DE7B-4F36-A5C1-5009271458DE}.Debug|x64.ActiveCfg = Debug|x64
		{A9B63842-DE7B-4F36-A5C1-5009271458DE}.Debug|x64.Build.0 = Debug|x64
		{A9B63842-DE7B-4F36-A5C1-5009271458DE}.Debug|x86.ActiveCfg = Debug|Win32
		{A9B63842-DE7B-4F36-A5C1-5009271458DE}.Debug|x86.Build.0 = Debug|Win32
		{A9B63842-DE7B-4F36-A5C1-5009271458DE}.Release|x64.ActiveCfg = Release|x64
		{A9B63842-DE7B-4F36-A5C1-5009271458DE}.Release|x64.Build.0 = Release|x64
		{A9B63842-DE7B-4F36-A5C1-5009271458DE}.Release|x86.ActiveCfg = Release|Win32
		{A9B63842-DE7B-4F36-A5C1-5009271458DE}.Release|x86.Build.0 = Release|Win32
		{84FAC1C8-E76E-465B-AFB7-5657615C9643}.Debug|x64.ActiveCfg = Debug|x64
		{84FAC1C8-E76E-465B-AFB7-5657615C9643}.Debug|x64.Build.0 = Debug|x64
		{84FAC1C8-E76E-465B-AFB7-5657615C9643}.Debug|x86.ActiveCfg = Debug|Win32
		{84FAC1C8-E76E-465B-AFB7-5657615C9643}.Debug|x86.Build.0 = Debug|Win32
		{84FAC1C8-E76E-465B-AFB7-5657615C9643}.Release|x64.ActiveCfg = Release|x64
		{84FAC1C8-E76E-465B-AFB7-5657615C9643}.Release|x64.Build.0 = Release|x64
		{84FAC1C8-E76E-465B-AFB7-5657615C9643}.Release|x86.ActiveCfg = Release|Win32
		{84FAC1C8-E76E-465B-AFB7-5657615C9643}.Release|x86.Build.0 = Release|Win32
		{0448D971-0B4E-4226-90F1-3AC8D4D7C9F1}.Debug|x64.ActiveCfg = Debug|x64
		{0448D971-0B4E-4226-90F1-3AC8D4D7C9F1}.Debug|x64.Build.0 = Debug|x64
		{0448D971-0B4E-4226-90F1-3AC8D4D7C9F1}.Debug|x86.ActiveCfg = Debug|Win32
		{0448D971-0B4E-4226-90F1-3AC8D4D7C9F1}.Debug|x86.Build.0 = Debug|Win32
		{0448D971-0B4E-4226-90F1-3AC8D4D7C9F1}.Release|x64.ActiveCfg = Release|x64
		{0448D971-0B4E-4226-90F1-3AC8D4D7C9F1}.Release|x64.Build.0 = Release|x64
		{0448D971-0B4E-4226-90F1-3AC8D4D7C9F1}.Release|x86.ActiveCfg = Release|Win32
		{0448D971-0B4E-4226-90F1-3AC8D4D7C9F1}.Release|x86.Build.0 = Release|Win32
		{07C9CC43-8234-409A-8DE4-2169288FE72F}.Debug|x64.ActiveCfg = Debug|x64
		{07C9CC43-8234-409A-8DE4-2169288FE72F}.Debug|x64.Build.0 = Debug|x64
		{07C9CC43-8234-409A-8DE4-2169288FE72F}.Debug|x86.ActiveCfg = Debug|Win32
		{07C9CC43-8234-409A-8DE4-2169288FE72F}.Debug|x86.Build.0 = Debug|Win32
		{07C9CC43-8234-409A-8DE4-2169288FE72F}.Release|x64.ActiveCfg = Release|x64
		{07C9CC43-8234-409A-8DE4-2169288FE72F}.Release|x64.Build.0 = Release|x64
		{07C9CC43-8234-409A-8DE4-2169288FE72F}.Release|x86.ActiveCfg = Release|Win32
		{07C9CC43-8234-409A-8DE4-2169288FE72F}.Release|x86.Build.0 = Release|Win32
		{832102A0-ADD7-42B0-8C7D-4FB8EF9F87CC}.Debug|x64.ActiveCfg = Debug|x64
		{832102A0-ADD7-42B0-8C7D-4FB8EF9F87CC}.Debug|x64.Build.0 = Debug|x64
		{832102A0-ADD7-42B0-8C7D-4FB8EF9F87CC}.Debug|x86.ActiveCfg = Debug|Win32
		{832102A0-ADD7-42B0-8C7D-4FB8EF9F87CC}.Debug|x86.Build.0 = Debug|Win32
		{832102A0-ADD7-42B0-8C7D-4FB8EF9F87CC}.Release|x64.ActiveCfg = Release|x64
		{832102A0-ADD7-42B0-8C7D-4FB8EF9F87CC}.Release|x64.Build.0 = Release|x64
		{832102A0-ADD7-42B0-8C7D-4FB8EF9F87CC}.Release|x86.ActiveCfg = Release|Win32
		{832102A0-ADD7-42B0-8C7D-4FB8EF9F87CC}.Release|x86.Build.0 = Release|Win32
		{09BC62C4-F22D-461E-A63F-775DE8996165}.Debug|x64.ActiveCfg = Debug|x64
		{09BC62C4-F22D-461E-A63F-775DE8996165}.Debug|x64.Build.0 = Debug|x64
		{09BC62C4-F22D-461E-A63F-775DE8996165}.Debug|x86.ActiveCfg = Debug|Win32
		{09BC62C4-F22D-461E-A63F-775DE8996165}.Debug|x86.Build.0 = Debug|Win32
		{09BC62C4-F22D-461E-A63F-775DE8996165}.Release|x64.ActiveCfg = Release|x64
		{09BC62C4-F22D-461E-A63F-775DE8996165}.Release|x64.Build.0 = Release|x64
		{09BC62C4-F22D-461E-A63F-775DE8996165}.Release|x86.ActiveCfg = Release|Win32
		{09BC62C4-F22D-461E-A63F-775DE8996165}.Release|x86.Build.0 = Release|Win32
		{4E95186A-F429-4E29-8874-A114078434A5}.Debug|x64.ActiveCfg = Debug|x64
		{4E95186A-F429-4E29-8874-A114078434A5}.Debug|x64.Build.0 = Debug|x64
		{4E95186A-F429-4E29-8874-A114078434A5}.Debug|x86.ActiveCfg = Debug|Win32
		{4E95186A-F429-4E29-8874-A114078434A5}.Debug|x86.Build.0 = Debug|Win32
		{4E95186A-F429-4E29-8874-A114078434A5}.Release|x64.ActiveCfg = Release|x64
		{4E95186A-F429-4E29-8874-A114078434A5}.Release|x64.Build.0 = Release|x64
		{4E95186A-F429-4E29-8874-A114078434A5}.Release|x86.ActiveCfg = Release|Win32
		{4E95186A-F429-4E29-8874-A114078434A5}.Release|x86.Build.0 = Release|Win32
		{0749BC80-95FC-4519-A84F-254F4E1CFC51}.Debug|x64.ActiveCfg = Debug|x64
		{0749BC80-95FC-4519-A84F-254F4E1CFC51}.Debug|x64.Build.0 = Debug|x64
		{0749BC80-95FC-4519-A84F-254F4E1CFC51}.Debug|x86.ActiveCfg = Debug|Win32
		{0749BC80-95FC-4519-A84F-254F4E1CFC51}.Debug|x86.Build.0 = Debug|Win32
		{0749BC80-95FC-4519-A84F-254F4E1CFC51}.Release|x64.ActiveCfg = Release|x64
		{0749BC80-95FC-4519-A84F-254F4E1CFC51}.Release|x64.Build.0 = Release|x64
		{0749BC80-95FC-4519-A84F-254F4E1CFC51}.Release|x86.ActiveCfg = Release|Win32
		{0749BC80-95FC-4519-A84F-254F4E1CFC51}.Release|x86.Build.0 = Release|Win32
		{594938A0-DDFD-40EA-AD7C-668FECEEB047}.Debug|x64.ActiveCfg = Debug|x64
		{594938A0-DDFD-40EA-AD7C-668FECEEB047}.Debug|x64.Build.0 = Debug|x64
		{594938A0-DDFD-40EA-AD7C-668FECEEB047}.Debug|x86.ActiveCfg = Debug|Win32
		{594938A0-DDFD-40EA-AD7C-668FECEEB047}.Debug|x86.Build.0 = Debug|Win32
		{594938A0-DDFD-40EA-AD7C-668FECEEB047}.Release|x64.ActiveCfg = Release|x64
		{594938A0-DDFD-40EA-AD7C-668FECEEB047}.Release|x64.Build.0 = Release|x64
		{594938A0-DDFD-40EA-AD7C-668FECEEB047}.Release|x86.ActiveCfg = Release|Win32
		{594938A0-DDFD-40EA-AD7C-668FECEEB047}.Release|x86.Build.0 = Release|Win32
		{DE2F622B-4A9F-469A-BA19-9236B61B9035}.Debug|x64.ActiveCfg = Debug|x64
		{DE2F622B-4A9F-469A-BA19-9236B61B9035}.Debug|x64.Build.0 = Debug|x64
		{DE2F622B-4A9F-469A-BA19-9236B61B9035}.Debug|x86.ActiveCfg = Debug|Win32
		{DE2F622B-4A9F-469A-BA19-9236B61B9035}.Debug|x86.Build.0 = Debug|Win32
		{DE2F622B-4A9F-469A-BA19-9236B61B9035}.Release|x64.ActiveCfg = Release|x64
		{DE2F622B-4A9F-469A-BA19-9236B61B9035}.Release|x64.Build.0 = Release|x64
		{DE2F622B-4A9F-469A-BA19-9236B61B9035}.Release|x86.ActiveCfg = Release|Win32
		{DE2F622B-4A9F-469A-BA19-9236B61B9035}.Release|x86.Build.0 = Release|Win32
		{C6C3C658-0046-4C8A-9D86-6060FE7EAADE}.Debug|x64.ActiveCfg = Debug|x64
		{C6C3C658-0046-4C8A-9D86-6060FE7EAADE}.Debug|x64.Build.0 = Debug|x64
		{C6C3C658-0046-4C8A-9D86-6060FE7EAADE}.Debug|x86.ActiveCfg = Debug|Win32
		{C6C3C658-0046-4C8A-9D86-6060FE7EAADE}.Debug|x86.Build.0 = Debug|Win32
		{C6C3C658-0046-4C8A-9D86-6060FE7EAADE}.Release|x64.ActiveCfg = Release|x64
		{C6C3C658-0046-4C8A-9D86-6060FE7EAADE}.Release|x64.Build.0 = Release|x64
		{C6C3C658-0046-4C8A-9D86-6060FE7EAADE}.Release|x86.ActiveCfg = Release|Win32
		{C6C3C658-0046-4C8A-9D86-6060FE7EAADE}.Release|x86.Build.0 = Release|Win32
		{A716C216-B758-4212-8049-2D2D42C22AB2}.Debug|x64.ActiveCfg = Debug|x64
		{A716C216-B758-4212-8049-2D2D42C22AB2}.Debug|x64.Build.0 = Debug|x64
		{A716C216-B758-4212-8049-2D2D42C22AB2}.Debug|x86.ActiveCfg = Debug|Win32
		{A716C216-B758-4212-8049-2D2D42C22AB2}.Debug|x86.Build.0 = Debug|Win32
		{A716C216-B758-4212-8049-2D2D42C22AB2}.Release|x64.ActiveCfg = Release|x64
		{A716C216-B758-4212-8049-2D2D42C22AB2}.Release|x64.Build.0 = Release|x64
		{A716C216-B758-4212-8049-2D2D42C22AB2}.Release|x86.ActiveCfg = Release|Win32
		{A716C216-B758-4212-8049-2D2D42C22AB2}.Release|x86.Build.0 = Release|Win32
		{086DC71C-6A6D-4557-AE3E-A71A9901F817}.Debug|x64.ActiveCfg = Debug|x64
		{086DC71C-6A6D-4557-AE3E-A71A9901F817}.Debug|x64.Build.0 = Debug|x64
		{086DC71C-6A6D-4557-AE3E-A71A9901F817}.Debug|x86.ActiveCfg = Debug|Win32
		{086DC71C-6A6D-4557-AE3E-A71A9901F817}.Debug|x86.Build.0 = Debug|Win32
		{086DC71C-6A6D-4557-AE3E-A71A9901F817}.Release|x64.ActiveCfg = Release|x64
		{086DC71C-6A6D-4557-AE3E-A71A9901F817}.Release|x64.Build.0 = Release|x64
		{086DC71C-6A6D-4557-AE3E-A71A9901F817}.Release|x86.ActiveCfg = Release|Win32
		{086DC71C-6A6D-4557-AE3E-A71A9901F817}.Release|x86.Build.0 = Release|Win32
		{AA1D90D7-EF75-43C2-8F60-261E801833B7}.Debug|x64.ActiveCfg = Debug|x64
		{AA1D90D7-EF75-43C2-8F60-261E801833B7}.Debug|x64.Build.0 = Debug|x64
		{AA1D90D7-EF75-43C2-8F60-261E801833B7}.Debug|x86.ActiveCfg = Debug|Win32
		{AA1D90D7-EF75-43C2-8F60-261E801833B7}.Debug|x86.Build.0 = Debug|Win32
		{AA1D90D7-EF75-43C2-8F60-261E801833B7}.Release|x64.ActiveCfg = Release|x64
		{AA1D90D7-EF75-43C2-8F60-261E801833B7}.Release|x64.Build.0 = Release|x64
		{AA1D90D7-EF75-43C2-8F60-261E801833B7}.Release|x86.ActiveCfg = Release|Win32
		{AA1D90D7-EF75-43C2-8F60-261E801833B7}.Release|x86.Build.0 = Release|Win32
		{88BB6C92-2FC5-4345-8FC5-DABEA89F1D2E}.Debug|x64.ActiveCfg = Debug|x64
		{88BB6C92-2FC5-4345-8FC5-DABEA89F1D2E}.Debug|x64.Build.0 = Debug|x64
		{88BB6C92-2FC5-4345-8FC5-DABEA89F1D2E}.Debug|x86.ActiveCfg = Debug|Win32
		{88BB6C92-2FC5-4345-8FC5-DABEA89F1D2E}.Debug|x86.Build.0 = Debug|Win32
		{88BB6C92-2FC5-4345-8FC5-DABEA89F1D2E}.Release|x64.ActiveCfg = Release|x64
		{88BB6C92-2FC5-4345-8FC5-DABEA89F1D2E}.Release|x64.Build.0 = Release|x64
		{88BB6C92-2FC5-4345-8FC5-DABEA89F1D2E}.Release|x86.ActiveCfg = Release|Win32
		{88BB6C92-2FC5-4345-8FC5-DABEA89F1D2E}.Release|x86.Build.0 = Release|Win32
		{AE2E426A-7EBE-411C-B954-CA2CEF199074}.Debug|x64.ActiveCfg = Debug|x64
		{AE2E426A-7EBE-411C-B954-CA2CEF199074}.Debug|x64.Build.0 = Debug|x64
		{AE2E426A-7EBE-411C-B954-CA2CEF199074}.Debug|x86.ActiveCfg = Debug|Win32
		{AE2E426A-7EBE-411C-B954-CA2CEF199074}.Debug|x86.Build.0 = Debug|Win32
		{AE2E426A-7EBE-411C-B954-CA2CEF199074}.Release|x64.ActiveCfg = Release|x64
		{AE2E426A-7EBE-411C-B954-CA2CEF199074}.Release|x64.Build.0 = Release|x64
		{AE2E426A-7EBE-411C-B954-CA2CEF199074}.Release|x86.ActiveCfg = Release|Win32
		{AE2E426A-7EBE-411C-B954-CA2CEF199074}.Release|x86.Build.0 = Release|Win32
		{86780DB6-E0F9-4AC8-BC15-3EE828F8EF6B}.Debug|x64.ActiveCfg = Debug|x64
		{86780DB6-E0F9-4AC8-BC15-3EE828F8EF6B}.Debug|x64.Build.0 = Debug|x64
		{86780DB6-E0F9-4AC8-BC15-3EE828F8EF6B}.Debug|x86.ActiveCfg = Debug|Win32
		{86780DB6-E0F9-4AC8-BC15-3EE828F8EF6B}.Debug|x86.Build.0 = Debug|Win32
		{86780DB6-E0F9-4AC8-BC15-3EE828F8EF6B}.Release|x64.ActiveCfg = Release|x64
		{86780DB6-E0F9-4AC8-BC15-3EE828F8EF6B}.Release|x64.Build.0 = Release|x64
		{86780DB6-E0F9-4AC8-BC15-3EE828F8EF6B}.Release|x86.ActiveCfg = Release|Win32
		{86780DB6-E0F9-4AC8-BC15-3EE828F8EF6B}.Release|x86.Build.0 = Release|Win32
	EndGlobalSection
	GlobalSection(SolutionProperties) = preSolution
		HideSolutionNode = FALSE
	EndGlobalSection
	GlobalSection(ExtensibilityGlobals) = postSolution
		SolutionGuid = {9E5FF0D8-B347-4503-9BF5-250CEFC7FBBC}
	EndGlobalSection
EndGlobal
